
Microsoft Visual Studio Solution File, Format Version 12.00
# Visual Studio Version 17
VisualStudioVersion = 17.6.33801.468
MinimumVisualStudioVersion = 10.0.40219.1
Project("{FAE04EC0-301F-11D3-BF4B-00C04F79EFBC}") = "SMS", "SMS\SMS.csproj", "{0EAE74D9-51E0-4D67-BD25-453082D789A3}"
EndProject
Global
	GlobalSection(SolutionConfigurationPlatforms) = preSolution
		Debug|Any CPU = Debug|Any CPU
		Release|Any CPU = Release|Any CPU
	EndGlobalSection
	GlobalSection(ProjectConfigurationPlatforms) = postSolution
		{0EAE74D9-51E0-4D67-BD25-453082D789A3}.Debug|Any CPU.ActiveCfg = Debug|Any CPU
		{0EAE74D9-51E0-4D67-BD25-453082D789A3}.Debug|Any CPU.Build.0 = Debug|Any CPU
		{0EAE74D9-51E0-4D67-BD25-453082D789A3}.Release|Any CPU.ActiveCfg = Release|Any CPU
		{0EAE74D9-51E0-4D67-BD25-453082D789A3}.Release|Any CPU.Build.0 = Release|Any CPU
	EndGlobalSection
	GlobalSection(SolutionProperties) = preSolution
		HideSolutionNode = FALSE
	EndGlobalSection
	GlobalSection(ExtensibilityGlobals) = postSolution
		SolutionGuid = {9D2584A5-90AA-4D08-BCC3-CEF5439BF1AC}
	EndGlobalSection
EndGlobal
