
Microsoft Visual Studio Solution File, Format Version 12.00
# Visual Studio Version 17
VisualStudioVersion = 17.5.33502.453
MinimumVisualStudioVersion = 10.0.40219.1
Project("{FAE04EC0-301F-11D3-BF4B-00C04F79EFBC}") = "MVC_Intro", "MVC_Intro\MVC_Intro.csproj", "{80ABB86F-C515-4ED7-A5E2-430FCB56A8DB}"
EndProject
Global
	GlobalSection(SolutionConfigurationPlatforms) = preSolution
		Debug|Any CPU = Debug|Any CPU
		Release|Any CPU = Release|Any CPU
	EndGlobalSection
	GlobalSection(ProjectConfigurationPlatforms) = postSolution
		{80ABB86F-C515-4ED7-A5E2-430FCB56A8DB}.Debug|Any CPU.ActiveCfg = Debug|Any CPU
		{80ABB86F-C515-4ED7-A5E2-430FCB56A8DB}.Debug|Any CPU.Build.0 = Debug|Any CPU
		{80ABB86F-C515-4ED7-A5E2-430FCB56A8DB}.Release|Any CPU.ActiveCfg = Release|Any CPU
		{80ABB86F-C515-4ED7-A5E2-430FCB56A8DB}.Release|Any CPU.Build.0 = Release|Any CPU
	EndGlobalSection
	GlobalSection(SolutionProperties) = preSolution
		HideSolutionNode = FALSE
	EndGlobalSection
	GlobalSection(ExtensibilityGlobals) = postSolution
		SolutionGuid = {FD047E2D-943C-41D9-BD11-EA3294D02878}
	EndGlobalSection
EndGlobal
